<Solution>
  <Folder Name="/src/" />
  <Folder Name="/src/Api/">
    <Project Path="src/Api/StockPortfolio.Api.csproj" />
  </Folder>
  <Folder Name="/src/Migrator/">
    <Project Path="src/Migrator/StockPortfolio.Migrator.csproj" />
  </Folder>
  <Folder Name="/src/Modules/" />
  <Folder Name="/src/Modules/Alerts/">
    <Project Path="src/Modules/Alerts/StockPortfolio.Modules.Alerts.Application/StockPortfolio.Modules.Alerts.Application.csproj" />
    <Project Path="src/Modules/Alerts/StockPortfolio.Modules.Alerts.Contracts/StockPortfolio.Modules.Alerts.Contracts.csproj" />
    <Project Path="src/Modules/Alerts/StockPortfolio.Modules.Alerts.Domain/StockPortfolio.Modules.Alerts.Domain.csproj" />
    <Project Path="src/Modules/Alerts/StockPortfolio.Modules.Alerts.Infrastructure/StockPortfolio.Modules.Alerts.Infrastructure.csproj" />
    <Project Path="src/Modules/Alerts/StockPortfolio.Modules.Alerts.Presentation/StockPortfolio.Modules.Alerts.Presentation.csproj" />
  </Folder>
  <Folder Name="/src/Modules/Identity/">
    <Project Path="src/Modules/Identity/StockPortfolio.Modules.Identity.Application/StockPortfolio.Modules.Identity.Application.csproj" />
    <Project Path="src/Modules/Identity/StockPortfolio.Modules.Identity.Contracts/StockPortfolio.Modules.Identity.Contracts.csproj" />
    <Project Path="src/Modules/Identity/StockPortfolio.Modules.Identity.Domain/StockPortfolio.Modules.Identity.Domain.csproj" />
    <Project Path="src/Modules/Identity/StockPortfolio.Modules.Identity.Infrastructure/StockPortfolio.Modules.Identity.Infrastructure.csproj" />
    <Project Path="src/Modules/Identity/StockPortfolio.Modules.Identity.Presentation/StockPortfolio.Modules.Identity.Presentation.csproj" />
  </Folder>
  <Folder Name="/src/Modules/MarketData/">
    <Project Path="src/Modules/MarketData/StockPortfolio.Modules.MarketData.Application/StockPortfolio.Modules.MarketData.Application.csproj" />
    <Project Path="src/Modules/MarketData/StockPortfolio.Modules.MarketData.Contracts/StockPortfolio.Modules.MarketData.Contracts.csproj" />
    <Project Path="src/Modules/MarketData/StockPortfolio.Modules.MarketData.Domain/StockPortfolio.Modules.MarketData.Domain.csproj" />
    <Project Path="src/Modules/MarketData/StockPortfolio.Modules.MarketData.Infrastructure/StockPortfolio.Modules.MarketData.Infrastructure.csproj" />
    <Project Path="src/Modules/MarketData/StockPortfolio.Modules.MarketData.Presentation/StockPortfolio.Modules.MarketData.Presentation.csproj" />
  </Folder>
  <Folder Name="/src/Modules/Portfolio/">
    <Project Path="src/Modules/Portfolio/StockPortfolio.Modules.Portfolio.Application/StockPortfolio.Modules.Portfolio.Application.csproj" />
    <Project Path="src/Modules/Portfolio/StockPortfolio.Modules.Portfolio.Contracts/StockPortfolio.Modules.Portfolio.Contracts.csproj" />
    <Project Path="src/Modules/Portfolio/StockPortfolio.Modules.Portfolio.Domain/StockPortfolio.Modules.Portfolio.Domain.csproj" />
    <Project Path="src/Modules/Portfolio/StockPortfolio.Modules.Portfolio.Infrastructure/StockPortfolio.Modules.Portfolio.Infrastructure.csproj" />
    <Project Path="src/Modules/Portfolio/StockPortfolio.Modules.Portfolio.Presentation/StockPortfolio.Modules.Portfolio.Presentation.csproj" />
  </Folder>
  <Folder Name="/src/Shared.Kernel/">
    <Project Path="src/Shared.Kernel/StockPortfolio.Shared.Kernel.csproj" />
  </Folder>
  <Folder Name="/src/Shared.Presentation/">
    <Project Path="src/Shared.Presentation/StockPortfolio.Shared.Presentation.csproj" />
  </Folder>
  <Folder Name="/tests/">
    <Project Path="tests/StockPortfolio.Api.IntegrationTests/StockPortfolio.Api.IntegrationTests.csproj" />
    <Project Path="tests/StockPortfolio.Architecture.Tests/StockPortfolio.Architecture.Tests.csproj" />
    <Project Path="tests/StockPortfolio.Modules.Identity.UnitTests/StockPortfolio.Modules.Identity.UnitTests.csproj" />
    <Project Path="tests/StockPortfolio.Shared.Kernel.UnitTests/StockPortfolio.Shared.Kernel.UnitTests.csproj" />
  </Folder>
</Solution>
